<?xml version="1.0" encoding="utf-8"?>
<Project ToolsVersion="4.0" xmlns="http://schemas.microsoft.com/developer/msbuild/2003">
  <ItemGroup>
    <ClCompile Include="AmfStream.cpp" />
    <ClCompile Include="base64.cpp" />
    <ClCompile Include="cefclient\cefclient_win.cpp" />
    <ClCompile Include="cefclient\uiplugin_test.cpp" />
    <ClCompile Include="cefclient\extension_test.cpp" />
    <ClCompile Include="cefclient\clientplugin.cpp" />
    <ClCompile Include="cefclient\client_handler.cpp" />
    <ClCompile Include="cefclient\string_util.cpp" />
    <ClCompile Include="cefclient\cefclient_switches.cpp" />
    <ClCompile Include="cefclient\cefclient.cpp" />
    <ClCompile Include="cefclient\uiplugin.cpp" />
    <ClCompile Include="cefclient\download_handler.cpp" />
    <ClCompile Include="cefclient\osrplugin.cpp" />
    <ClCompile Include="cefclient\scheme_test.cpp" />
    <ClCompile Include="cefclient\resource_util_win.cpp" />
    <ClCompile Include="cefclient\client_handler_win.cpp" />
    <ClCompile Include="cefclient\osrplugin_test.cpp" />
    <ClCompile Include="cefclient\plugin_test.cpp" />
    <ClCompile Include="cefclient\binding_test.cpp" />
    <ClCompile Include="cefclient\client_popup_handler.cpp" />
    <ClCompile Include="CodeConvertor.cpp" />
    <ClCompile Include="myutil.cpp" />
    <ClCompile Include="my_handler.cpp" />
    <ClCompile Include="P2P.cpp" />
    <ClCompile Include="res_scheme.cpp" />
    <ClCompile Include="SFMMem.cpp" />
    <ClCompile Include="system.cpp" />
    <ClCompile Include="transparent_wnd.cpp" />
  </ItemGroup>
  <ItemGroup>
    <ClInclude Include="AmfStream.h" />
    <ClInclude Include="base64.h" />
    <ClInclude Include="CodeConvertor.h" />
    <ClInclude Include="include\cef_download_handler.h" />
    <ClInclude Include="include\cef_request.h" />
    <ClInclude Include="include\cef_load_handler.h" />
    <ClInclude Include="include\cef_drag_data.h" />
    <ClInclude Include="include\cef_response.h" />
    <ClInclude Include="include\cef_dom.h" />
    <ClInclude Include="include\cef_cookie.h" />
    <ClInclude Include="include\cef_request_handler.h" />
    <ClInclude Include="include\cef_frame.h" />
    <ClInclude Include="include\cef_app.h" />
    <ClInclude Include="include\cef_life_span_handler.h" />
    <ClInclude Include="include\cef_permission_handler.h" />
    <ClInclude Include="include\cef_v8.h" />
    <ClInclude Include="include\cef_render_handler.h" />
    <ClInclude Include="include\cef_scheme.h" />
    <ClInclude Include="include\cef_find_handler.h" />
    <ClInclude Include="include\cef_web_urlrequest.h" />
    <ClInclude Include="include\cef_xml_reader.h" />
    <ClInclude Include="include\cef_proxy_handler.h" />
    <ClInclude Include="include\cef_web_plugin.h" />
    <ClInclude Include="include\cef_storage.h" />
    <ClInclude Include="include\cef_print_handler.h" />
    <ClInclude Include="include\cef_command_line.h" />
    <ClInclude Include="include\cef_zip_reader.h" />
    <ClInclude Include="include\cef_v8context_handler.h" />
    <ClInclude Include="include\cef_runnable.h" />
    <ClInclude Include="include\cef_base.h" />
    <ClInclude Include="include\cef_nplugin.h" />
    <ClInclude Include="include\cef_menu_handler.h" />
    <ClInclude Include="include\cef_stream.h" />
    <ClInclude Include="include\cef_resource_bundle_handler.h" />
    <ClInclude Include="include\cef_browser.h" />
    <ClInclude Include="include\cef_keyboard_handler.h" />
    <ClInclude Include="include\cef_url.h" />
    <ClInclude Include="include\cef_jsdialog_handler.h" />
    <ClInclude Include="include\cef_client.h" />
    <ClInclude Include="include\cef_content_filter.h" />
    <ClInclude Include="include\cef_task.h" />
    <ClInclude Include="include\cef_drag_handler.h" />
    <ClInclude Include="include\cef_focus_handler.h" />
    <ClInclude Include="include\cef_display_handler.h" />
    <ClInclude Include="include\cef_origin_whitelist.h" />
    <ClInclude Include="include\cef_version.h" />
    <ClInclude Include="include\internal\cef_string_list.h" />
    <ClInclude Include="include\internal\cef_time.h" />
    <ClInclude Include="include\internal\cef_ptr.h" />
    <ClInclude Include="include\internal\cef_string_multimap.h" />
    <ClInclude Include="include\internal\cef_win.h" />
    <ClInclude Include="include\internal\cef_nplugin_types.h" />
    <ClInclude Include="include\internal\cef_string_types.h" />
    <ClInclude Include="include\internal\cef_export.h" />
    <ClInclude Include="include\internal\cef_types_wrappers.h" />
    <ClInclude Include="include\internal\cef_types_win.h" />
    <ClInclude Include="include\internal\cef_string.h" />
    <ClInclude Include="include\internal\cef_types.h" />
    <ClInclude Include="include\internal\cef_tuple.h" />
    <ClInclude Include="include\internal\cef_build.h" />
    <ClInclude Include="include\internal\cef_string_map.h" />
    <ClInclude Include="include\internal\cef_string_wrappers.h" />
    <ClInclude Include="include\internal\npapi\basictypes.h" />
    <ClInclude Include="include\internal\npapi\build_config.h" />
    <ClInclude Include="include\internal\npapi\npapi.h" />
    <ClInclude Include="include\internal\npapi\npapi_extensions.h" />
    <ClInclude Include="include\internal\npapi\npfunctions.h" />
    <ClInclude Include="include\internal\npapi\nphostapi.h" />
    <ClInclude Include="include\internal\npapi\npruntime.h" />
    <ClInclude Include="include\internal\npapi\nptypes.h" />
    <ClInclude Include="include\internal\npapi\port.h" />
    <ClInclude Include="include\wrapper\cef_byte_read_handler.h" />
    <ClInclude Include="include\wrapper\cef_xml_object.h" />
    <ClInclude Include="include\wrapper\cef_zip_archive.h" />
    <ClInclude Include="cefclient\binding_test.h" />
    <ClInclude Include="cefclient\uiplugin.h" />
    <ClInclude Include="cefclient\Resource.h" />
    <ClInclude Include="cefclient\extension_test.h" />
    <ClInclude Include="cefclient\string_util.h" />
    <ClInclude Include="cefclient\client_handler.h" />
    <ClInclude Include="cefclient\clientplugin.h" />
    <ClInclude Include="cefclient\osrplugin_test.h" />
    <ClInclude Include="cefclient\uiplugin_test.h" />
    <ClInclude Include="cefclient\cefclient.h" />
    <ClInclude Include="cefclient\cefclient_switches.h" />
    <ClInclude Include="cefclient\download_handler.h" />
    <ClInclude Include="cefclient\scheme_test.h" />
    <ClInclude Include="cefclient\osrplugin.h" />
    <ClInclude Include="cefclient\client_popup_handler.h" />
    <ClInclude Include="cefclient\plugin_test.h" />
    <ClInclude Include="cefclient\util.h" />
    <ClInclude Include="cefclient\resource_util.h" />
    <ClInclude Include="myutil.h" />
    <ClInclude Include="my_handler.h" />
    <ClInclude Include="P2P.h" />
    <ClInclude Include="proto.h" />
    <ClInclude Include="SFMMem.h" />
    <ClInclude Include="system.h" />
    <ClInclude Include="transparent_wnd.h" />
  </ItemGroup>
  <ItemGroup>
    <ResourceCompile Include="cefclient\cefclient.rc" />
  </ItemGroup>
  <ItemGroup>
    <None Include="cefclient.gyp" />
    <None Include="cefclient\res\extensionperf.html" />
    <None Include="cefclient\res\cefclient.ico" />
    <None Include="cefclient\res\osrplugin.html" />
    <None Include="cefclient\res\xmlhttprequest.html" />
    <None Include="cefclient\res\domaccess.html" />
    <None Include="cefclient\res\transparency.html" />
    <None Include="cefclient\res\modalmain.html" />
    <None Include="cefclient\res\modaldialog.html" />
    <None Include="cefclient\res\logoball.png" />
    <None Include="cefclient\res\localstorage.html" />
    <None Include="cefclient\res\small.ico" />
    <None Include="cefclient\res\logo.png" />
    <None Include="cefclient\res\uiplugin.html" />
    <None Include="include\internal\npapi\README-TRANSFER.txt" />
  </ItemGroup>
</Project>