
Microsoft Visual Studio Solution File, Format Version 11.00
# Visual Studio 2010
Project("{8BC9CEB8-8B4A-11D0-8D11-00A0C91BC942}") = "SetupEx", "SetupEx.vcxproj", "{52ABC53D-FBDD-75B7-650F-A57B358E0FBE}"
EndProject
Global
	GlobalSection(SolutionConfigurationPlatforms) = preSolution
		Debug|Win32 = Debug|Win32
		Release|Win32 = Release|Win32
	EndGlobalSection
	GlobalSection(ProjectConfigurationPlatforms) = postSolution
		{52ABC53D-FBDD-75B7-650F-A57B358E0FBE}.Debug|Win32.ActiveCfg = Debug|Win32
		{52ABC53D-FBDD-75B7-650F-A57B358E0FBE}.Debug|Win32.Build.0 = Debug|Win32
		{52ABC53D-FBDD-75B7-650F-A57B358E0FBE}.Release|Win32.ActiveCfg = Release|Win32
		{52ABC53D-FBDD-75B7-650F-A57B358E0FBE}.Release|Win32.Build.0 = Release|Win32
	EndGlobalSection
	GlobalSection(SolutionProperties) = preSolution
		HideSolutionNode = FALSE
	EndGlobalSection
EndGlobal
